
Microsoft Visual Studio Solution File, Format Version 12.00
# Visual Studio 2013
VisualStudioVersion = 12.0.31101.0
MinimumVisualStudioVersion = 10.0.40219.1
Project("{FAE04EC0-301F-11D3-BF4B-00C04F79EFBC}") = "memgrind_diff", "memgrind_diff\memgrind_diff.csproj", "{4A2C4A0F-9D1E-429C-B171-1D89682BE8FA}"
EndProject
Project("{FAE04EC0-301F-11D3-BF4B-00C04F79EFBC}") = "MemgrindDifferencingEngine", "MemgrindDifferencingEngine\MemgrindDifferencingEngine.csproj", "{BCF758CB-39BE-48DC-B18E-ACB70544ED0E}"
EndProject
Project("{2150E333-8FDC-42A3-9474-1A3956D46DE8}") = "Experiments", "Experiments", "{6E29E7F8-1A74-4F10-8907-92BBDBAFEB0F}"
EndProject
Project("{F2A71F9B-5D33-465A-A702-920D77279786}") = "SimpleDump", "SimpleDump\SimpleDump.fsproj", "{A81E3708-077E-4510-A595-6DB9E83B77EC}"
EndProject
Project("{2150E333-8FDC-42A3-9474-1A3956D46DE8}") = "Solution Items", "Solution Items", "{5BFBDEEC-59A8-4537-ADEB-EC257FC7C5C9}"
	ProjectSection(SolutionItems) = preProject
		ValgrindParseTools\valgrindparsetools.nuspec = ValgrindParseTools\valgrindparsetools.nuspec
	EndProjectSection
EndProject
Global
	GlobalSection(SolutionConfigurationPlatforms) = preSolution
		Debug|Any CPU = Debug|Any CPU
		Release|Any CPU = Release|Any CPU
	EndGlobalSection
	GlobalSection(ProjectConfigurationPlatforms) = postSolution
		{4A2C4A0F-9D1E-429C-B171-1D89682BE8FA}.Debug|Any CPU.ActiveCfg = Debug|Any CPU
		{4A2C4A0F-9D1E-429C-B171-1D89682BE8FA}.Debug|Any CPU.Build.0 = Debug|Any CPU
		{4A2C4A0F-9D1E-429C-B171-1D89682BE8FA}.Release|Any CPU.ActiveCfg = Release|Any CPU
		{4A2C4A0F-9D1E-429C-B171-1D89682BE8FA}.Release|Any CPU.Build.0 = Release|Any CPU
		{BCF758CB-39BE-48DC-B18E-ACB70544ED0E}.Debug|Any CPU.ActiveCfg = Debug|Any CPU
		{BCF758CB-39BE-48DC-B18E-ACB70544ED0E}.Debug|Any CPU.Build.0 = Debug|Any CPU
		{BCF758CB-39BE-48DC-B18E-ACB70544ED0E}.Release|Any CPU.ActiveCfg = Release|Any CPU
		{BCF758CB-39BE-48DC-B18E-ACB70544ED0E}.Release|Any CPU.Build.0 = Release|Any CPU
		{A81E3708-077E-4510-A595-6DB9E83B77EC}.Debug|Any CPU.ActiveCfg = Debug|Any CPU
		{A81E3708-077E-4510-A595-6DB9E83B77EC}.Debug|Any CPU.Build.0 = Debug|Any CPU
		{A81E3708-077E-4510-A595-6DB9E83B77EC}.Release|Any CPU.ActiveCfg = Release|Any CPU
		{A81E3708-077E-4510-A595-6DB9E83B77EC}.Release|Any CPU.Build.0 = Release|Any CPU
	EndGlobalSection
	GlobalSection(SolutionProperties) = preSolution
		HideSolutionNode = FALSE
	EndGlobalSection
	GlobalSection(NestedProjects) = preSolution
		{A81E3708-077E-4510-A595-6DB9E83B77EC} = {6E29E7F8-1A74-4F10-8907-92BBDBAFEB0F}
	EndGlobalSection
EndGlobal
